// !$*UTF8*$!
{
	archiveVersion = 1;
	classes = {
	};
	objectVersion = 50;
	objects = {

/* Begin PBXBuildFile section */
		2B05D903208F1BDC00358A30 /* CategoryViewController.swift in Sources */ = {isa = PBXBuildFile; fileRef = 2B05D902208F1BDC00358A30 /* CategoryViewController.swift */; };
		2B07C6FA208213DC00EEAC2E /* DataModel.xcdatamodeld in Sources */ = {isa = PBXBuildFile; fileRef = 2B07C6F8208213DC00EEAC2E /* DataModel.xcdatamodeld */; };
		2B2FE275207FA28900463B2F /* AppDelegate.swift in Sources */ = {isa = PBXBuildFile; fileRef = 2B2FE274207FA28900463B2F /* AppDelegate.swift */; };
		2B2FE277207FA28900463B2F /* TodoListViewController.swift in Sources */ = {isa = PBXBuildFile; fileRef = 2B2FE276207FA28900463B2F /* TodoListViewController.swift */; };
		2B2FE27A207FA28900463B2F /* Main.storyboard in Resources */ = {isa = PBXBuildFile; fileRef = 2B2FE278207FA28900463B2F /* Main.storyboard */; };
		2B2FE27C207FA28D00463B2F /* Assets.xcassets in Resources */ = {isa = PBXBuildFile; fileRef = 2B2FE27B207FA28D00463B2F /* Assets.xcassets */; };
		2B2FE27F207FA28D00463B2F /* LaunchScreen.storyboard in Resources */ = {isa = PBXBuildFile; fileRef = 2B2FE27D207FA28D00463B2F /* LaunchScreen.storyboard */; };
		7A8A909D468F13A3111E4487 /* Pods_17_Todoey.framework in Frameworks */ = {isa = PBXBuildFile; fileRef = 9CC6A41F348CCA9EE855A188 /* Pods_17_Todoey.framework */; };
/* End PBXBuildFile section */

/* Begin PBXFileReference section */
		2B05D902208F1BDC00358A30 /* CategoryViewController.swift */ = {isa = PBXFileReference; lastKnownFileType = sourcecode.swift; path = CategoryViewController.swift; sourceTree = "<group>"; };
		2B07C6F9208213DC00EEAC2E /* DataModel.xcdatamodel */ = {isa = PBXFileReference; lastKnownFileType = wrapper.xcdatamodel; path = DataModel.xcdatamodel; sourceTree = "<group>"; };
		2B2FE271207FA28900463B2F /* 17-Todoey.app */ = {isa = PBXFileReference; explicitFileType = wrapper.application; includeInIndex = 0; path = "17-Todoey.app"; sourceTree = BUILT_PRODUCTS_DIR; };
		2B2FE274207FA28900463B2F /* AppDelegate.swift */ = {isa = PBXFileReference; lastKnownFileType = sourcecode.swift; path = AppDelegate.swift; sourceTree = "<group>"; };
		2B2FE276207FA28900463B2F /* TodoListViewController.swift */ = {isa = PBXFileReference; lastKnownFileType = sourcecode.swift; path = TodoListViewController.swift; sourceTree = "<group>"; };
		2B2FE279207FA28900463B2F /* Base */ = {isa = PBXFileReference; lastKnownFileType = file.storyboard; name = Base; path = Base.lproj/Main.storyboard; sourceTree = "<group>"; };
		2B2FE27B207FA28D00463B2F /* Assets.xcassets */ = {isa = PBXFileReference; lastKnownFileType = folder.assetcatalog; path = Assets.xcassets; sourceTree = "<group>"; };
		2B2FE27E207FA28D00463B2F /* Base */ = {isa = PBXFileReference; lastKnownFileType = file.storyboard; name = Base; path = Base.lproj/LaunchScreen.storyboard; sourceTree = "<group>"; };
		2B2FE280207FA28D00463B2F /* Info.plist */ = {isa = PBXFileReference; lastKnownFileType = text.plist.xml; path = Info.plist; sourceTree = "<group>"; };
		4A044A5065B2E37672E63E1F /* Pods-17-Todoey.debug.xcconfig */ = {isa = PBXFileReference; includeInIndex = 1; lastKnownFileType = text.xcconfig; name = "Pods-17-Todoey.debug.xcconfig"; path = "Pods/Target Support Files/Pods-17-Todoey/Pods-17-Todoey.debug.xcconfig"; sourceTree = "<group>"; };
		9CC6A41F348CCA9EE855A188 /* Pods_17_Todoey.framework */ = {isa = PBXFileReference; explicitFileType = wrapper.framework; includeInIndex = 0; path = Pods_17_Todoey.framework; sourceTree = BUILT_PRODUCTS_DIR; };
		AAFB25439D8E9D218626A297 /* Pods-17-Todoey.release.xcconfig */ = {isa = PBXFileReference; includeInIndex = 1; lastKnownFileType = text.xcconfig; name = "Pods-17-Todoey.release.xcconfig"; path = "Pods/Target Support Files/Pods-17-Todoey/Pods-17-Todoey.release.xcconfig"; sourceTree = "<group>"; };
/* End PBXFileReference section */

/* Begin PBXFrameworksBuildPhase section */
		2B2FE26E207FA28900463B2F /* Frameworks */ = {
			isa = PBXFrameworksBuildPhase;
			buildActionMask = 2147483647;
			files = (
				7A8A909D468F13A3111E4487 /* Pods_17_Todoey.framework in Frameworks */,
			);
			runOnlyForDeploymentPostprocessing = 0;
		};
/* End PBXFrameworksBuildPhase section */

/* Begin PBXGroup section */
		2B2FE268207FA28900463B2F = {
			isa = PBXGroup;
			children = (
				2B2FE273207FA28900463B2F /* 17-Todoey */,
				2B2FE272207FA28900463B2F /* Products */,
				6D26339BDCCB38951474294D /* Pods */,
				35B894D37CC67B4A7FADB2EF /* Frameworks */,
			);
			sourceTree = "<group>";
		};
		2B2FE272207FA28900463B2F /* Products */ = {
			isa = PBXGroup;
			children = (
				2B2FE271207FA28900463B2F /* 17-Todoey.app */,
			);
			name = Products;
			sourceTree = "<group>";
		};
		2B2FE273207FA28900463B2F /* 17-Todoey */ = {
			isa = PBXGroup;
			children = (
				2B2FE274207FA28900463B2F /* AppDelegate.swift */,
				2B4BD4682080B684003CB083 /* Data Model */,
				2B4BD4692080B68E003CB083 /* Controllers */,
				2B4BD46A2080B698003CB083 /* View */,
				2B4BD46B2080B6AA003CB083 /* Supporting Files */,
				2B2FE280207FA28D00463B2F /* Info.plist */,
			);
			path = "17-Todoey";
			sourceTree = "<group>";
		};
		2B4BD4682080B684003CB083 /* Data Model */ = {
			isa = PBXGroup;
			children = (
				2B07C6F8208213DC00EEAC2E /* DataModel.xcdatamodeld */,
			);
			path = "Data Model";
			sourceTree = "<group>";
		};
		2B4BD4692080B68E003CB083 /* Controllers */ = {
			isa = PBXGroup;
			children = (
				2B05D902208F1BDC00358A30 /* CategoryViewController.swift */,
				2B2FE276207FA28900463B2F /* TodoListViewController.swift */,
			);
			path = Controllers;
			sourceTree = "<group>";
		};
		2B4BD46A2080B698003CB083 /* View */ = {
			isa = PBXGroup;
			children = (
				2B2FE278207FA28900463B2F /* Main.storyboard */,
			);
			path = View;
			sourceTree = "<group>";
		};
		2B4BD46B2080B6AA003CB083 /* Supporting Files */ = {
			isa = PBXGroup;
			children = (
				2B2FE27B207FA28D00463B2F /* Assets.xcassets */,
				2B2FE27D207FA28D00463B2F /* LaunchScreen.storyboard */,
			);
			path = "Supporting Files";
			sourceTree = "<group>";
		};
		35B894D37CC67B4A7FADB2EF /* Frameworks */ = {
			isa = PBXGroup;
			children = (
				9CC6A41F348CCA9EE855A188 /* Pods_17_Todoey.framework */,
			);
			name = Frameworks;
			sourceTree = "<group>";
		};
		6D26339BDCCB38951474294D /* Pods */ = {
			isa = PBXGroup;
			children = (
				4A044A5065B2E37672E63E1F /* Pods-17-Todoey.debug.xcconfig */,
				AAFB25439D8E9D218626A297 /* Pods-17-Todoey.release.xcconfig */,
			);
			name = Pods;
			sourceTree = "<group>";
		};
/* End PBXGroup section */

/* Begin PBXNativeTarget section */
		2B2FE270207FA28900463B2F /* 17-Todoey */ = {
			isa = PBXNativeTarget;
			buildConfigurationList = 2B2FE283207FA28D00463B2F /* Build configuration list for PBXNativeTarget "17-Todoey" */;
			buildPhases = (
				C2524A9D8C0CB0CD37B3BE7A /* [CP] Check Pods Manifest.lock */,
				2B2FE26D207FA28900463B2F /* Sources */,
				2B2FE26E207FA28900463B2F /* Frameworks */,
				2B2FE26F207FA28900463B2F /* Resources */,
				B4FF83E2B372976D64B09806 /* [CP] Embed Pods Frameworks */,
				48FB1BE6AE4EB2C71557E279 /* [CP] Copy Pods Resources */,
			);
			buildRules = (
			);
			dependencies = (
			);
			name = "17-Todoey";
			productName = "17-Todoey";
			productReference = 2B2FE271207FA28900463B2F /* 17-Todoey.app */;
			productType = "com.apple.product-type.application";
		};
/* End PBXNativeTarget section */

/* Begin PBXProject section */
		2B2FE269207FA28900463B2F /* Project object */ = {
			isa = PBXProject;
			attributes = {
				LastSwiftUpdateCheck = 0930;
				LastUpgradeCheck = 0930;
				ORGANIZATIONNAME = "Sergio Puczi";
				TargetAttributes = {
					2B2FE270207FA28900463B2F = {
						CreatedOnToolsVersion = 9.3;
					};
				};
			};
			buildConfigurationList = 2B2FE26C207FA28900463B2F /* Build configuration list for PBXProject "17-Todoey" */;
			compatibilityVersion = "Xcode 9.3";
			developmentRegion = en;
			hasScannedForEncodings = 0;
			knownRegions = (
				en,
				Base,
			);
			mainGroup = 2B2FE268207FA28900463B2F;
			productRefGroup = 2B2FE272207FA28900463B2F /* Products */;
			projectDirPath = "";
			projectRoot = "";
			targets = (
				2B2FE270207FA28900463B2F /* 17-Todoey */,
			);
		};
/* End PBXProject section */

/* Begin PBXResourcesBuildPhase section */
		2B2FE26F207FA28900463B2F /* Resources */ = {
			isa = PBXResourcesBuildPhase;
			buildActionMask = 2147483647;
			files = (
				2B2FE27F207FA28D00463B2F /* LaunchScreen.storyboard in Resources */,
				2B2FE27C207FA28D00463B2F /* Assets.xcassets in Resources */,
				2B2FE27A207FA28900463B2F /* Main.storyboard in Resources */,
			);
			runOnlyForDeploymentPostprocessing = 0;
		};
/* End PBXResourcesBuildPhase section */

/* Begin PBXShellScriptBuildPhase section */
		48FB1BE6AE4EB2C71557E279 /* [CP] Copy Pods Resources */ = {
			isa = PBXShellScriptBuildPhase;
			buildActionMask = 2147483647;
			files = (
			);
			inputPaths = (
			);
			name = "[CP] Copy Pods Resources";
			outputPaths = (
			);
			runOnlyForDeploymentPostprocessing = 0;
			shellPath = /bin/sh;
			shellScript = "\"${SRCROOT}/Pods/Target Support Files/Pods-17-Todoey/Pods-17-Todoey-resources.sh\"\n";
			showEnvVarsInLog = 0;
		};
		B4FF83E2B372976D64B09806 /* [CP] Embed Pods Frameworks */ = {
			isa = PBXShellScriptBuildPhase;
			buildActionMask = 2147483647;
			files = (
			);
			inputPaths = (
				"${SRCROOT}/Pods/Target Support Files/Pods-17-Todoey/Pods-17-Todoey-frameworks.sh",
				"${BUILT_PRODUCTS_DIR}/Realm/Realm.framework",
				"${BUILT_PRODUCTS_DIR}/RealmSwift/RealmSwift.framework",
			);
			name = "[CP] Embed Pods Frameworks";
			outputPaths = (
				"${TARGET_BUILD_DIR}/${FRAMEWORKS_FOLDER_PATH}/Realm.framework",
				"${TARGET_BUILD_DIR}/${FRAMEWORKS_FOLDER_PATH}/RealmSwift.framework",
			);
			runOnlyForDeploymentPostprocessing = 0;
			shellPath = /bin/sh;
			shellScript = "\"${SRCROOT}/Pods/Target Support Files/Pods-17-Todoey/Pods-17-Todoey-frameworks.sh\"\n";
			showEnvVarsInLog = 0;
		};
		C2524A9D8C0CB0CD37B3BE7A /* [CP] Check Pods Manifest.lock */ = {
			isa = PBXShellScriptBuildPhase;
			buildActionMask = 2147483647;
			files = (
			);
			inputPaths = (
				"${PODS_PODFILE_DIR_PATH}/Podfile.lock",
				"${PODS_ROOT}/Manifest.lock",
			);
			name = "[CP] Check Pods Manifest.lock";
			outputPaths = (
				"$(DERIVED_FILE_DIR)/Pods-17-Todoey-checkManifestLockResult.txt",
			);
			runOnlyForDeploymentPostprocessing = 0;
			shellPath = /bin/sh;
			shellScript = "diff \"${PODS_PODFILE_DIR_PATH}/Podfile.lock\" \"${PODS_ROOT}/Manifest.lock\" > /dev/null\nif [ $? != 0 ] ; then\n    # print error to STDERR\n    echo \"error: The sandbox is not in sync with the Podfile.lock. Run 'pod install' or update your CocoaPods installation.\" >&2\n    exit 1\nfi\n# This output is used by Xcode 'outputs' to avoid re-running this script phase.\necho \"SUCCESS\" > \"${SCRIPT_OUTPUT_FILE_0}\"\n";
			showEnvVarsInLog = 0;
		};
/* End PBXShellScriptBuildPhase section */

/* Begin PBXSourcesBuildPhase section */
		2B2FE26D207FA28900463B2F /* Sources */ = {
			isa = PBXSourcesBuildPhase;
			buildActionMask = 2147483647;
			files = (
				2B05D903208F1BDC00358A30 /* CategoryViewController.swift in Sources */,
				2B2FE277207FA28900463B2F /* TodoListViewController.swift in Sources */,
				2B07C6FA208213DC00EEAC2E /* DataModel.xcdatamodeld in Sources */,
				2B2FE275207FA28900463B2F /* AppDelegate.swift in Sources */,
			);
			runOnlyForDeploymentPostprocessing = 0;
		};
/* End PBXSourcesBuildPhase section */

/* Begin PBXVariantGroup section */
		2B2FE278207FA28900463B2F /* Main.storyboard */ = {
			isa = PBXVariantGroup;
			children = (
				2B2FE279207FA28900463B2F /* Base */,
			);
			name = Main.storyboard;
			sourceTree = "<group>";
		};
		2B2FE27D207FA28D00463B2F /* LaunchScreen.storyboard */ = {
			isa = PBXVariantGroup;
			children = (
				2B2FE27E207FA28D00463B2F /* Base */,
			);
			name = LaunchScreen.storyboard;
			sourceTree = "<group>";
		};
/* End PBXVariantGroup section */

/* Begin XCBuildConfiguration section */
		2B2FE281207FA28D00463B2F /* Debug */ = {
			isa = XCBuildConfiguration;
			buildSettings = {
				ALWAYS_SEARCH_USER_PATHS = NO;
				CLANG_ANALYZER_NONNULL = YES;
				CLANG_ANALYZER_NUMBER_OBJECT_CONVERSION = YES_AGGRESSIVE;
				CLANG_CXX_LANGUAGE_STANDARD = "gnu++14";
				CLANG_CXX_LIBRARY = "libc++";
				CLANG_ENABLE_MODULES = YES;
				CLANG_ENABLE_OBJC_ARC = YES;
				CLANG_ENABLE_OBJC_WEAK = YES;
				CLANG_WARN_BLOCK_CAPTURE_AUTORELEASING = YES;
				CLANG_WARN_BOOL_CONVERSION = YES;
				CLANG_WARN_COMMA = YES;
				CLANG_WARN_CONSTANT_CONVERSION = YES;
				CLANG_WARN_DEPRECATED_OBJC_IMPLEMENTATIONS = YES;
				CLANG_WARN_DIRECT_OBJC_ISA_USAGE = YES_ERROR;
				CLANG_WARN_DOCUMENTATION_COMMENTS = YES;
				CLANG_WARN_EMPTY_BODY = YES;
				CLANG_WARN_ENUM_CONVERSION = YES;
				CLANG_WARN_INFINITE_RECURSION = YES;
				CLANG_WARN_INT_CONVERSION = YES;
				CLANG_WARN_NON_LITERAL_NULL_CONVERSION = YES;
				CLANG_WARN_OBJC_IMPLICIT_RETAIN_SELF = YES;
				CLANG_WARN_OBJC_LITERAL_CONVERSION = YES;
				CLANG_WARN_OBJC_ROOT_CLASS = YES_ERROR;
				CLANG_WARN_RANGE_LOOP_ANALYSIS = YES;
				CLANG_WARN_STRICT_PROTOTYPES = YES;
				CLANG_WARN_SUSPICIOUS_MOVE = YES;
				CLANG_WARN_UNGUARDED_AVAILABILITY = YES_AGGRESSIVE;
				CLANG_WARN_UNREACHABLE_CODE = YES;
				CLANG_WARN__DUPLICATE_METHOD_MATCH = YES;
				CODE_SIGN_IDENTITY = "iPhone Developer";
				COPY_PHASE_STRIP = NO;
				DEBUG_INFORMATION_FORMAT = dwarf;
				ENABLE_STRICT_OBJC_MSGSEND = YES;
				ENABLE_TESTABILITY = YES;
				GCC_C_LANGUAGE_STANDARD = gnu11;
				GCC_DYNAMIC_NO_PIC = NO;
				GCC_NO_COMMON_BLOCKS = YES;
				GCC_OPTIMIZATION_LEVEL = 0;
				GCC_PREPROCESSOR_DEFINITIONS = (
					"DEBUG=1",
					"$(inherited)",
				);
				GCC_WARN_64_TO_32_BIT_CONVERSION = YES;
				GCC_WARN_ABOUT_RETURN_TYPE = YES_ERROR;
				GCC_WARN_UNDECLARED_SELECTOR = YES;
				GCC_WARN_UNINITIALIZED_AUTOS = YES_AGGRESSIVE;
				GCC_WARN_UNUSED_FUNCTION = YES;
				GCC_WARN_UNUSED_VARIABLE = YES;
				IPHONEOS_DEPLOYMENT_TARGET = 11.3;
				MTL_ENABLE_DEBUG_INFO = YES;
				ONLY_ACTIVE_ARCH = YES;
				SDKROOT = iphoneos;
				SWIFT_ACTIVE_COMPILATION_CONDITIONS = DEBUG;
				SWIFT_OPTIMIZATION_LEVEL = "-Onone";
			};
			name = Debug;
		};
		2B2FE282207FA28D00463B2F /* Release */ = {
			isa = XCBuildConfiguration;
			buildSettings = {
				ALWAYS_SEARCH_USER_PATHS = NO;
				CLANG_ANALYZER_NONNULL = YES;
				CLANG_ANALYZER_NUMBER_OBJECT_CONVERSION = YES_AGGRESSIVE;
				CLANG_CXX_LANGUAGE_STANDARD = "gnu++14";
				CLANG_CXX_LIBRARY = "libc++";
				CLANG_ENABLE_MODULES = YES;
				CLANG_ENABLE_OBJC_ARC = YES;
				CLANG_ENABLE_OBJC_WEAK = YES;
				CLANG_WARN_BLOCK_CAPTURE_AUTORELEASING = YES;
				CLANG_WARN_BOOL_CONVERSION = YES;
				CLANG_WARN_COMMA = YES;
				CLANG_WARN_CONSTANT_CONVERSION = YES;
				CLANG_WARN_DEPRECATED_OBJC_IMPLEMENTATIONS = YES;
				CLANG_WARN_DIRECT_OBJC_ISA_USAGE = YES_ERROR;
				CLANG_WARN_DOCUMENTATION_COMMENTS = YES;
				CLANG_WARN_EMPTY_BODY = YES;
				CLANG_WARN_ENUM_CONVERSION = YES;
				CLANG_WARN_INFINITE_RECURSION = YES;
				CLANG_WARN_INT_CONVERSION = YES;
				CLANG_WARN_NON_LITERAL_NULL_CONVERSION = YES;
				CLANG_WARN_OBJC_IMPLICIT_RETAIN_SELF = YES;
				CLANG_WARN_OBJC_LITERAL_CONVERSION = YES;
				CLANG_WARN_OBJC_ROOT_CLASS = YES_ERROR;
				CLANG_WARN_RANGE_LOOP_ANALYSIS = YES;
				CLANG_WARN_STRICT_PROTOTYPES = YES;
				CLANG_WARN_SUSPICIOUS_MOVE = YES;
				CLANG_WARN_UNGUARDED_AVAILABILITY = YES_AGGRESSIVE;
				CLANG_WARN_UNREACHABLE_CODE = YES;
				CLANG_WARN__DUPLICATE_METHOD_MATCH = YES;
				CODE_SIGN_IDENTITY = "iPhone Developer";
				COPY_PHASE_STRIP = NO;
				DEBUG_INFORMATION_FORMAT = "dwarf-with-dsym";
				ENABLE_NS_ASSERTIONS = NO;
				ENABLE_STRICT_OBJC_MSGSEND = YES;
				GCC_C_LANGUAGE_STANDARD = gnu11;
				GCC_NO_COMMON_BLOCKS = YES;
				GCC_WARN_64_TO_32_BIT_CONVERSION = YES;
				GCC_WARN_ABOUT_RETURN_TYPE = YES_ERROR;
				GCC_WARN_UNDECLARED_SELECTOR = YES;
				GCC_WARN_UNINITIALIZED_AUTOS = YES_AGGRESSIVE;
				GCC_WARN_UNUSED_FUNCTION = YES;
				GCC_WARN_UNUSED_VARIABLE = YES;
				IPHONEOS_DEPLOYMENT_TARGET = 11.3;
				MTL_ENABLE_DEBUG_INFO = NO;
				SDKROOT = iphoneos;
				SWIFT_COMPILATION_MODE = wholemodule;
				SWIFT_OPTIMIZATION_LEVEL = "-O";
				VALIDATE_PRODUCT = YES;
			};
			name = Release;
		};
		2B2FE284207FA28D00463B2F /* Debug */ = {
			isa = XCBuildConfiguration;
			baseConfigurationReference = 4A044A5065B2E37672E63E1F /* Pods-17-Todoey.debug.xcconfig */;
			buildSettings = {
				ASSETCATALOG_COMPILER_APPICON_NAME = AppIcon;
				CODE_SIGN_STYLE = Automatic;
				DEVELOPMENT_TEAM = 48A64QQ89C;
				INFOPLIST_FILE = "17-Todoey/Info.plist";
				LD_RUNPATH_SEARCH_PATHS = "$(inherited) @executable_path/Frameworks";
				PRODUCT_BUNDLE_IDENTIFIER = "com.sergiopuczi.-7-Todoey";
				PRODUCT_NAME = "$(TARGET_NAME)";
				SWIFT_VERSION = 4.0;
				TARGETED_DEVICE_FAMILY = "1,2";
			};
			name = Debug;
		};
		2B2FE285207FA28D00463B2F /* Release */ = {
			isa = XCBuildConfiguration;
			baseConfigurationReference = AAFB25439D8E9D218626A297 /* Pods-17-Todoey.release.xcconfig */;
			buildSettings = {
				ASSETCATALOG_COMPILER_APPICON_NAME = AppIcon;
				CODE_SIGN_STYLE = Automatic;
				DEVELOPMENT_TEAM = 48A64QQ89C;
				INFOPLIST_FILE = "17-Todoey/Info.plist";
				LD_RUNPATH_SEARCH_PATHS = "$(inherited) @executable_path/Frameworks";
				PRODUCT_BUNDLE_IDENTIFIER = "com.sergiopuczi.-7-Todoey";
				PRODUCT_NAME = "$(TARGET_NAME)";
				SWIFT_VERSION = 4.0;
				TARGETED_DEVICE_FAMILY = "1,2";
			};
			name = Release;
		};
/* End XCBuildConfiguration section */

/* Begin XCConfigurationList section */
		2B2FE26C207FA28900463B2F /* Build configuration list for PBXProject "17-Todoey" */ = {
			isa = XCConfigurationList;
			buildConfigurations = (
				2B2FE281207FA28D00463B2F /* Debug */,
				2B2FE282207FA28D00463B2F /* Release */,
			);
			defaultConfigurationIsVisible = 0;
			defaultConfigurationName = Release;
		};
		2B2FE283207FA28D00463B2F /* Build configuration list for PBXNativeTarget "17-Todoey" */ = {
			isa = XCConfigurationList;
			buildConfigurations = (
				2B2FE284207FA28D00463B2F /* Debug */,
				2B2FE285207FA28D00463B2F /* Release */,
			);
			defaultConfigurationIsVisible = 0;
			defaultConfigurationName = Release;
		};
/* End XCConfigurationList section */

/* Begin XCVersionGroup section */
		2B07C6F8208213DC00EEAC2E /* DataModel.xcdatamodeld */ = {
			isa = XCVersionGroup;
			children = (
				2B07C6F9208213DC00EEAC2E /* DataModel.xcdatamodel */,
			);
			currentVersion = 2B07C6F9208213DC00EEAC2E /* DataModel.xcdatamodel */;
			path = DataModel.xcdatamodeld;
			sourceTree = "<group>";
			versionGroupType = wrapper.xcdatamodel;
		};
/* End XCVersionGroup section */
	};
	rootObject = 2B2FE269207FA28900463B2F /* Project object */;
}
